
Microsoft Visual Studio Solution File, Format Version 12.00
# Visual Studio Version 17
VisualStudioVersion = 17.6.33712.159
MinimumVisualStudioVersion = 10.0.40219.1
Project("{FAE04EC0-301F-11D3-BF4B-00C04F79EFBC}") = "Proyecto_Turismo.UI", "Proyecto_Turismo.UI\Proyecto_Turismo.UI.csproj", "{AA5E9C9C-D763-4DD9-9E18-83E72D06C444}"
EndProject
Project("{FAE04EC0-301F-11D3-BF4B-00C04F79EFBC}") = "Proyecto_Turismo.Application", "Proyecto_Turismo.Application\Proyecto_Turismo.Application.csproj", "{ECC8CE5B-CEFA-438E-B488-30EC04C240B9}"
EndProject
Project("{FAE04EC0-301F-11D3-BF4B-00C04F79EFBC}") = "Proyecto_Turismo.Domain", "Proyecto_Turismo.Domain\Proyecto_Turismo.Domain.csproj", "{4CBE501B-D78A-460C-964C-566FEB6A6C16}"
EndProject
Project("{FAE04EC0-301F-11D3-BF4B-00C04F79EFBC}") = "Proyecto_Turismo.Infrastructure", "Proyecto_Turismo.Infrastructure\Proyecto_Turismo.Infrastructure.csproj", "{2FBE6E86-39DC-4C54-8938-2258AC05DF94}"
EndProject
Project("{FAE04EC0-301F-11D3-BF4B-00C04F79EFBC}") = "Proyecto_Turismo.Persistence", "Proyecto_Turismo.Persistence\Proyecto_Turismo.Persistence.csproj", "{ACE6CAB4-ABF4-4A73-AA60-4A5E80D0D518}"
EndProject
Global
	GlobalSection(SolutionConfigurationPlatforms) = preSolution
		Debug|Any CPU = Debug|Any CPU
		Release|Any CPU = Release|Any CPU
	EndGlobalSection
	GlobalSection(ProjectConfigurationPlatforms) = postSolution
		{AA5E9C9C-D763-4DD9-9E18-83E72D06C444}.Debug|Any CPU.ActiveCfg = Debug|Any CPU
		{AA5E9C9C-D763-4DD9-9E18-83E72D06C444}.Debug|Any CPU.Build.0 = Debug|Any CPU
		{AA5E9C9C-D763-4DD9-9E18-83E72D06C444}.Release|Any CPU.ActiveCfg = Release|Any CPU
		{AA5E9C9C-D763-4DD9-9E18-83E72D06C444}.Release|Any CPU.Build.0 = Release|Any CPU
		{ECC8CE5B-CEFA-438E-B488-30EC04C240B9}.Debug|Any CPU.ActiveCfg = Debug|Any CPU
		{ECC8CE5B-CEFA-438E-B488-30EC04C240B9}.Debug|Any CPU.Build.0 = Debug|Any CPU
		{ECC8CE5B-CEFA-438E-B488-30EC04C240B9}.Release|Any CPU.ActiveCfg = Release|Any CPU
		{ECC8CE5B-CEFA-438E-B488-30EC04C240B9}.Release|Any CPU.Build.0 = Release|Any CPU
		{4CBE501B-D78A-460C-964C-566FEB6A6C16}.Debug|Any CPU.ActiveCfg = Debug|Any CPU
		{4CBE501B-D78A-460C-964C-566FEB6A6C16}.Debug|Any CPU.Build.0 = Debug|Any CPU
		{4CBE501B-D78A-460C-964C-566FEB6A6C16}.Release|Any CPU.ActiveCfg = Release|Any CPU
		{4CBE501B-D78A-460C-964C-566FEB6A6C16}.Release|Any CPU.Build.0 = Release|Any CPU
		{2FBE6E86-39DC-4C54-8938-2258AC05DF94}.Debug|Any CPU.ActiveCfg = Debug|Any CPU
		{2FBE6E86-39DC-4C54-8938-2258AC05DF94}.Debug|Any CPU.Build.0 = Debug|Any CPU
		{2FBE6E86-39DC-4C54-8938-2258AC05DF94}.Release|Any CPU.ActiveCfg = Release|Any CPU
		{2FBE6E86-39DC-4C54-8938-2258AC05DF94}.Release|Any CPU.Build.0 = Release|Any CPU
		{ACE6CAB4-ABF4-4A73-AA60-4A5E80D0D518}.Debug|Any CPU.ActiveCfg = Debug|Any CPU
		{ACE6CAB4-ABF4-4A73-AA60-4A5E80D0D518}.Debug|Any CPU.Build.0 = Debug|Any CPU
		{ACE6CAB4-ABF4-4A73-AA60-4A5E80D0D518}.Release|Any CPU.ActiveCfg = Release|Any CPU
		{ACE6CAB4-ABF4-4A73-AA60-4A5E80D0D518}.Release|Any CPU.Build.0 = Release|Any CPU
	EndGlobalSection
	GlobalSection(SolutionProperties) = preSolution
		HideSolutionNode = FALSE
	EndGlobalSection
	GlobalSection(ExtensibilityGlobals) = postSolution
		SolutionGuid = {87F6F431-A10A-48A5-90AE-246710F1710B}
	EndGlobalSection
EndGlobal
